
Microsoft Visual Studio Solution File, Format Version 12.00
# Visual Studio 2012
Project("{FAE04EC0-301F-11D3-BF4B-00C04F79EFBC}") = "Survivatron", "Survivatron\Survivatron.csproj", "{0830B818-9380-47FC-BA2E-6340D0FEC728}"
EndProject
Project("{FAE04EC0-301F-11D3-BF4B-00C04F79EFBC}") = "SurvivatronUnitTests", "SurvivatronUnitTests\SurvivatronUnitTests.csproj", "{77DEBE9E-DB79-4F85-9450-16FDEED1D696}"
EndProject
Global
	GlobalSection(SolutionConfigurationPlatforms) = preSolution
		Debug|Any CPU = Debug|Any CPU
		Debug|Mixed Platforms = Debug|Mixed Platforms
		Debug|x86 = Debug|x86
		Release|Any CPU = Release|Any CPU
		Release|Mixed Platforms = Release|Mixed Platforms
		Release|x86 = Release|x86
	EndGlobalSection
	GlobalSection(ProjectConfigurationPlatforms) = postSolution
		{0830B818-9380-47FC-BA2E-6340D0FEC728}.Debug|Any CPU.ActiveCfg = Debug|x86
		{0830B818-9380-47FC-BA2E-6340D0FEC728}.Debug|Mixed Platforms.ActiveCfg = Debug|x86
		{0830B818-9380-47FC-BA2E-6340D0FEC728}.Debug|Mixed Platforms.Build.0 = Debug|x86
		{0830B818-9380-47FC-BA2E-6340D0FEC728}.Debug|x86.ActiveCfg = Debug|x86
		{0830B818-9380-47FC-BA2E-6340D0FEC728}.Debug|x86.Build.0 = Debug|x86
		{0830B818-9380-47FC-BA2E-6340D0FEC728}.Release|Any CPU.ActiveCfg = Release|x86
		{0830B818-9380-47FC-BA2E-6340D0FEC728}.Release|Mixed Platforms.ActiveCfg = Release|x86
		{0830B818-9380-47FC-BA2E-6340D0FEC728}.Release|Mixed Platforms.Build.0 = Release|x86
		{0830B818-9380-47FC-BA2E-6340D0FEC728}.Release|x86.ActiveCfg = Release|x86
		{0830B818-9380-47FC-BA2E-6340D0FEC728}.Release|x86.Build.0 = Release|x86
		{77DEBE9E-DB79-4F85-9450-16FDEED1D696}.Debug|Any CPU.ActiveCfg = Debug|Any CPU
		{77DEBE9E-DB79-4F85-9450-16FDEED1D696}.Debug|Any CPU.Build.0 = Debug|Any CPU
		{77DEBE9E-DB79-4F85-9450-16FDEED1D696}.Debug|Mixed Platforms.ActiveCfg = Debug|Any CPU
		{77DEBE9E-DB79-4F85-9450-16FDEED1D696}.Debug|Mixed Platforms.Build.0 = Debug|Any CPU
		{77DEBE9E-DB79-4F85-9450-16FDEED1D696}.Debug|x86.ActiveCfg = Debug|Any CPU
		{77DEBE9E-DB79-4F85-9450-16FDEED1D696}.Release|Any CPU.ActiveCfg = Release|Any CPU
		{77DEBE9E-DB79-4F85-9450-16FDEED1D696}.Release|Any CPU.Build.0 = Release|Any CPU
		{77DEBE9E-DB79-4F85-9450-16FDEED1D696}.Release|Mixed Platforms.ActiveCfg = Release|Any CPU
		{77DEBE9E-DB79-4F85-9450-16FDEED1D696}.Release|Mixed Platforms.Build.0 = Release|Any CPU
		{77DEBE9E-DB79-4F85-9450-16FDEED1D696}.Release|x86.ActiveCfg = Release|Any CPU
	EndGlobalSection
	GlobalSection(SolutionProperties) = preSolution
		HideSolutionNode = FALSE
	EndGlobalSection
EndGlobal
